// !$*UTF8*$!
{
	archiveVersion = 1;
	classes = {
	};
	objectVersion = 56;
	objects = {

/* Begin PBXBuildFile section */
		67233F7C2A2DAFFF005FDF36 /* AppDelegate.swift in Sources */ = {isa = PBXBuildFile; fileRef = 67233F7B2A2DAFFF005FDF36 /* AppDelegate.swift */; };
		67233F7E2A2DAFFF005FDF36 /* SceneDelegate.swift in Sources */ = {isa = PBXBuildFile; fileRef = 67233F7D2A2DAFFF005FDF36 /* SceneDelegate.swift */; };
		67233F802A2DAFFF005FDF36 /* LoginViewController.swift in Sources */ = {isa = PBXBuildFile; fileRef = 67233F7F2A2DAFFF005FDF36 /* LoginViewController.swift */; };
		67233F832A2DAFFF005FDF36 /* Main.storyboard in Resources */ = {isa = PBXBuildFile; fileRef = 67233F812A2DAFFF005FDF36 /* Main.storyboard */; };
		67233F852A2DB002005FDF36 /* Assets.xcassets in Resources */ = {isa = PBXBuildFile; fileRef = 67233F842A2DB002005FDF36 /* Assets.xcassets */; };
		67233F882A2DB002005FDF36 /* LaunchScreen.storyboard in Resources */ = {isa = PBXBuildFile; fileRef = 67233F862A2DB002005FDF36 /* LaunchScreen.storyboard */; };
		67233F9D2A2DB002005FDF36 /* RewriteEntranceExamWithSVVSUITests.swift in Sources */ = {isa = PBXBuildFile; fileRef = 67233F9C2A2DB002005FDF36 /* RewriteEntranceExamWithSVVSUITests.swift */; };
		67233F9F2A2DB002005FDF36 /* RewriteEntranceExamWithSVVSUITestsLaunchTests.swift in Sources */ = {isa = PBXBuildFile; fileRef = 67233F9E2A2DB002005FDF36 /* RewriteEntranceExamWithSVVSUITestsLaunchTests.swift */; };
		6723F1FB2A37DEFA0094FEB8 /* RoomMessageRepository.swift in Sources */ = {isa = PBXBuildFile; fileRef = 6723F1FA2A37DEFA0094FEB8 /* RoomMessageRepository.swift */; };
		6723F1FC2A37DF5D0094FEB8 /* RoomMessageRepository.swift in Sources */ = {isa = PBXBuildFile; fileRef = 6723F1FA2A37DEFA0094FEB8 /* RoomMessageRepository.swift */; };
		6723F1FF2A37F0EF0094FEB8 /* MainView.swift in Sources */ = {isa = PBXBuildFile; fileRef = 6723F1FE2A37F0EF0094FEB8 /* MainView.swift */; };
		6723F2022A37F3F10094FEB8 /* AccountView.swift in Sources */ = {isa = PBXBuildFile; fileRef = 6723F2012A37F3F10094FEB8 /* AccountView.swift */; };
		6723F2052A37F8460094FEB8 /* AccountViewState.swift in Sources */ = {isa = PBXBuildFile; fileRef = 6723F2042A37F8460094FEB8 /* AccountViewState.swift */; };
		673906E62A2F1A7D00F6E527 /* Me.swift in Sources */ = {isa = PBXBuildFile; fileRef = 673906E52A2F1A7D00F6E527 /* Me.swift */; };
		673B2F7F2A3696D700B934A6 /* APIKey.plist in Resources */ = {isa = PBXBuildFile; fileRef = 673B2F7E2A3696D700B934A6 /* APIKey.plist */; };
		673B2F812A36971400B934A6 /* KeyManager.swift in Sources */ = {isa = PBXBuildFile; fileRef = 673B2F802A36971400B934A6 /* KeyManager.swift */; };
		673B2F832A369B4A00B934A6 /* RoomListRepositoryMock.swift in Sources */ = {isa = PBXBuildFile; fileRef = 673B2F822A369B4A00B934A6 /* RoomListRepositoryMock.swift */; };
		673B2F852A369B5500B934A6 /* RoomListRepositoryProtocol.swift in Sources */ = {isa = PBXBuildFile; fileRef = 673B2F842A369B5500B934A6 /* RoomListRepositoryProtocol.swift */; };
		673B2F862A369BFA00B934A6 /* RoomListRepositoryProtocol.swift in Sources */ = {isa = PBXBuildFile; fileRef = 673B2F842A369B5500B934A6 /* RoomListRepositoryProtocol.swift */; };
		673B2F882A369EF700B934A6 /* RoomListStoreTests.swift in Sources */ = {isa = PBXBuildFile; fileRef = 673B2F872A369EF700B934A6 /* RoomListStoreTests.swift */; };
		673B2F8A2A36A04000B934A6 /* RoomListStore.swift in Sources */ = {isa = PBXBuildFile; fileRef = 673B2F892A36A04000B934A6 /* RoomListStore.swift */; };
		673B2F8B2A36A06400B934A6 /* RoomListStore.swift in Sources */ = {isa = PBXBuildFile; fileRef = 673B2F892A36A04000B934A6 /* RoomListStore.swift */; };
		673B2F8C2A36A16400B934A6 /* RoomListRepositoryMock.swift in Sources */ = {isa = PBXBuildFile; fileRef = 673B2F822A369B4A00B934A6 /* RoomListRepositoryMock.swift */; };
		673B2F912A36A42600B934A6 /* RoomListViewState.swift in Sources */ = {isa = PBXBuildFile; fileRef = 673B2F902A36A42600B934A6 /* RoomListViewState.swift */; };
		673B2F932A36B29600B934A6 /* RoomListCell.swift in Sources */ = {isa = PBXBuildFile; fileRef = 673B2F922A36B29600B934A6 /* RoomListCell.swift */; };
		673B2F952A36BD4700B934A6 /* RoomListViewStateTests.swift in Sources */ = {isa = PBXBuildFile; fileRef = 673B2F942A36BD4700B934A6 /* RoomListViewStateTests.swift */; };
		673B2F962A36BDAB00B934A6 /* RoomListViewState.swift in Sources */ = {isa = PBXBuildFile; fileRef = 673B2F902A36A42600B934A6 /* RoomListViewState.swift */; };
		673B2F992A36E0C600B934A6 /* RoomView.swift in Sources */ = {isa = PBXBuildFile; fileRef = 673B2F982A36E0C600B934A6 /* RoomView.swift */; };
		673B2F9C2A36E22000B934A6 /* RoomViewState.swift in Sources */ = {isa = PBXBuildFile; fileRef = 673B2F9B2A36E22000B934A6 /* RoomViewState.swift */; };
		673B2F9E2A36EF0B00B934A6 /* RoomMessageRepositoryTests.swift in Sources */ = {isa = PBXBuildFile; fileRef = 673B2F9D2A36EF0B00B934A6 /* RoomMessageRepositoryTests.swift */; };
		677CFDBB2A32A05A004B7195 /* ChatworkAPITokenRepositoryTests.swift in Sources */ = {isa = PBXBuildFile; fileRef = 677CFDBA2A32A05A004B7195 /* ChatworkAPITokenRepositoryTests.swift */; };
		677CFDBC2A32A0EA004B7195 /* ChatworkAPITokenRepository.swift in Sources */ = {isa = PBXBuildFile; fileRef = 67F86E6E2A31B4B300F16733 /* ChatworkAPITokenRepository.swift */; };
		677CFDBE2A32A646004B7195 /* ChatworkAPITokenStoreTests.swift in Sources */ = {isa = PBXBuildFile; fileRef = 677CFDBD2A32A646004B7195 /* ChatworkAPITokenStoreTests.swift */; };
		677CFDC02A32AAFD004B7195 /* ChatworkAPITokenStore.swift in Sources */ = {isa = PBXBuildFile; fileRef = 677CFDBF2A32AAFD004B7195 /* ChatworkAPITokenStore.swift */; };
		677CFDC42A32ABB9004B7195 /* ChatworkAPITokenStore.swift in Sources */ = {isa = PBXBuildFile; fileRef = 677CFDBF2A32AAFD004B7195 /* ChatworkAPITokenStore.swift */; };
		6793FEF42A2FFBB1005EDD9D /* MeRepositoryTests.swift in Sources */ = {isa = PBXBuildFile; fileRef = 6793FEF32A2FFBB1005EDD9D /* MeRepositoryTests.swift */; };
		6793FEF52A2FFCFE005EDD9D /* Me.swift in Sources */ = {isa = PBXBuildFile; fileRef = 673906E52A2F1A7D00F6E527 /* Me.swift */; };
		6793FEF82A2FFEF2005EDD9D /* MeRepository.swift in Sources */ = {isa = PBXBuildFile; fileRef = 6793FEF72A2FFEF2005EDD9D /* MeRepository.swift */; };
		6793FEF92A2FFEF4005EDD9D /* MeRepository.swift in Sources */ = {isa = PBXBuildFile; fileRef = 6793FEF72A2FFEF2005EDD9D /* MeRepository.swift */; };
		6793FEFC2A30183F005EDD9D /* HTTPMethod.swift in Sources */ = {isa = PBXBuildFile; fileRef = 6793FEFB2A30183F005EDD9D /* HTTPMethod.swift */; };
		6793FEFD2A301864005EDD9D /* HTTPMethod.swift in Sources */ = {isa = PBXBuildFile; fileRef = 6793FEFB2A30183F005EDD9D /* HTTPMethod.swift */; };
		6793FEFF2A3018A5005EDD9D /* ChatworkAPIEndpoint.swift in Sources */ = {isa = PBXBuildFile; fileRef = 6793FEFE2A3018A5005EDD9D /* ChatworkAPIEndpoint.swift */; };
		6793FF002A3048AA005EDD9D /* ChatworkAPIEndpoint.swift in Sources */ = {isa = PBXBuildFile; fileRef = 6793FEFE2A3018A5005EDD9D /* ChatworkAPIEndpoint.swift */; };
		6793FF022A304F57005EDD9D /* APIError.swift in Sources */ = {isa = PBXBuildFile; fileRef = 6793FF012A304F57005EDD9D /* APIError.swift */; };
		6793FF032A304FD1005EDD9D /* APIError.swift in Sources */ = {isa = PBXBuildFile; fileRef = 6793FF012A304F57005EDD9D /* APIError.swift */; };
		6799FD2D2A314ADB000FF866 /* MeRepositoryProtocol.swift in Sources */ = {isa = PBXBuildFile; fileRef = 6799FD2C2A314ADB000FF866 /* MeRepositoryProtocol.swift */; };
		6799FD2F2A314B66000FF866 /* MeRepositoryMock.swift in Sources */ = {isa = PBXBuildFile; fileRef = 6799FD2E2A314B66000FF866 /* MeRepositoryMock.swift */; };
		6799FD322A314F74000FF866 /* MeStoreTests.swift in Sources */ = {isa = PBXBuildFile; fileRef = 6799FD312A314F74000FF866 /* MeStoreTests.swift */; };
		6799FD332A315139000FF866 /* MeRepositoryMock.swift in Sources */ = {isa = PBXBuildFile; fileRef = 6799FD2E2A314B66000FF866 /* MeRepositoryMock.swift */; };
		6799FD362A3154C6000FF866 /* MeStore.swift in Sources */ = {isa = PBXBuildFile; fileRef = 6799FD352A3154C6000FF866 /* MeStore.swift */; };
		6799FD372A31552F000FF866 /* MeStore.swift in Sources */ = {isa = PBXBuildFile; fileRef = 6799FD352A3154C6000FF866 /* MeStore.swift */; };
		6799FD382A31594F000FF866 /* MeRepositoryProtocol.swift in Sources */ = {isa = PBXBuildFile; fileRef = 6799FD2C2A314ADB000FF866 /* MeRepositoryProtocol.swift */; };
		67D7BD4D2A32EF08002F684A /* RoomList.swift in Sources */ = {isa = PBXBuildFile; fileRef = 67D7BD4C2A32EF08002F684A /* RoomList.swift */; };
		67D7BD4F2A32F28B002F684A /* RoomListRepositoryTests.swift in Sources */ = {isa = PBXBuildFile; fileRef = 67D7BD4E2A32F28B002F684A /* RoomListRepositoryTests.swift */; };
		67D7BD502A32F514002F684A /* RoomList.swift in Sources */ = {isa = PBXBuildFile; fileRef = 67D7BD4C2A32EF08002F684A /* RoomList.swift */; };
		67D7BD532A3307C0002F684A /* RoomListRepository.swift in Sources */ = {isa = PBXBuildFile; fileRef = 67D7BD522A3307C0002F684A /* RoomListRepository.swift */; };
		67D7BD542A330B1A002F684A /* RoomListRepository.swift in Sources */ = {isa = PBXBuildFile; fileRef = 67D7BD522A3307C0002F684A /* RoomListRepository.swift */; };
		67F86E4C2A3161A800F16733 /* LoginView.swift in Sources */ = {isa = PBXBuildFile; fileRef = 67F86E4B2A3161A800F16733 /* LoginView.swift */; };
		67F86E4F2A31724700F16733 /* InputTokenField.swift in Sources */ = {isa = PBXBuildFile; fileRef = 67F86E4E2A31724700F16733 /* InputTokenField.swift */; };
		67F86E522A3173F500F16733 /* LoginViewState.swift in Sources */ = {isa = PBXBuildFile; fileRef = 67F86E512A3173F500F16733 /* LoginViewState.swift */; };
		67F86E542A3175E100F16733 /* LoginButton.swift in Sources */ = {isa = PBXBuildFile; fileRef = 67F86E532A3175E100F16733 /* LoginButton.swift */; };
		67F86E582A317E2300F16733 /* LoginViewStateTests.swift in Sources */ = {isa = PBXBuildFile; fileRef = 67F86E572A317E2300F16733 /* LoginViewStateTests.swift */; };
		67F86E5A2A317F4000F16733 /* LoginViewState.swift in Sources */ = {isa = PBXBuildFile; fileRef = 67F86E512A3173F500F16733 /* LoginViewState.swift */; };
		67F86E5E2A3182B500F16733 /* MainViewController.swift in Sources */ = {isa = PBXBuildFile; fileRef = 67F86E5D2A3182B500F16733 /* MainViewController.swift */; };
		67F86E602A31831F00F16733 /* RoomListView.swift in Sources */ = {isa = PBXBuildFile; fileRef = 67F86E5F2A31831F00F16733 /* RoomListView.swift */; };
		67F86E642A319BEF00F16733 /* ChatworkAPIToken.swift in Sources */ = {isa = PBXBuildFile; fileRef = 67F86E632A319BEF00F16733 /* ChatworkAPIToken.swift */; };
		67F86E672A319E4B00F16733 /* ChatworkAPITokenTests.swift in Sources */ = {isa = PBXBuildFile; fileRef = 67F86E662A319E4B00F16733 /* ChatworkAPITokenTests.swift */; };
		67F86E6A2A319EF300F16733 /* ValueObjectError.swift in Sources */ = {isa = PBXBuildFile; fileRef = 67F86E692A319EF300F16733 /* ValueObjectError.swift */; };
		67F86E6B2A319F7500F16733 /* ValueObjectError.swift in Sources */ = {isa = PBXBuildFile; fileRef = 67F86E692A319EF300F16733 /* ValueObjectError.swift */; };
		67F86E6C2A319F7800F16733 /* ChatworkAPIToken.swift in Sources */ = {isa = PBXBuildFile; fileRef = 67F86E632A319BEF00F16733 /* ChatworkAPIToken.swift */; };
		67F86E6F2A31B4B300F16733 /* ChatworkAPITokenRepository.swift in Sources */ = {isa = PBXBuildFile; fileRef = 67F86E6E2A31B4B300F16733 /* ChatworkAPITokenRepository.swift */; };
/* End PBXBuildFile section */

/* Begin PBXContainerItemProxy section */
		67233F8F2A2DB002005FDF36 /* PBXContainerItemProxy */ = {
			isa = PBXContainerItemProxy;
			containerPortal = 67233F702A2DAFFF005FDF36 /* Project object */;
			proxyType = 1;
			remoteGlobalIDString = 67233F772A2DAFFF005FDF36;
			remoteInfo = RewriteEntranceExamWithSVVS;
		};
		67233F992A2DB002005FDF36 /* PBXContainerItemProxy */ = {
			isa = PBXContainerItemProxy;
			containerPortal = 67233F702A2DAFFF005FDF36 /* Project object */;
			proxyType = 1;
			remoteGlobalIDString = 67233F772A2DAFFF005FDF36;
			remoteInfo = RewriteEntranceExamWithSVVS;
		};
/* End PBXContainerItemProxy section */

/* Begin PBXFileReference section */
		67233F782A2DAFFF005FDF36 /* RewriteEntranceExamWithSVVS.app */ = {isa = PBXFileReference; explicitFileType = wrapper.application; includeInIndex = 0; path = RewriteEntranceExamWithSVVS.app; sourceTree = BUILT_PRODUCTS_DIR; };
		67233F7B2A2DAFFF005FDF36 /* AppDelegate.swift */ = {isa = PBXFileReference; lastKnownFileType = sourcecode.swift; path = AppDelegate.swift; sourceTree = "<group>"; };
		67233F7D2A2DAFFF005FDF36 /* SceneDelegate.swift */ = {isa = PBXFileReference; lastKnownFileType = sourcecode.swift; path = SceneDelegate.swift; sourceTree = "<group>"; };
		67233F7F2A2DAFFF005FDF36 /* LoginViewController.swift */ = {isa = PBXFileReference; lastKnownFileType = sourcecode.swift; path = LoginViewController.swift; sourceTree = "<group>"; };
		67233F822A2DAFFF005FDF36 /* Base */ = {isa = PBXFileReference; lastKnownFileType = file.storyboard; name = Base; path = Base.lproj/Main.storyboard; sourceTree = "<group>"; };
		67233F842A2DB002005FDF36 /* Assets.xcassets */ = {isa = PBXFileReference; lastKnownFileType = folder.assetcatalog; path = Assets.xcassets; sourceTree = "<group>"; };
		67233F872A2DB002005FDF36 /* Base */ = {isa = PBXFileReference; lastKnownFileType = file.storyboard; name = Base; path = Base.lproj/LaunchScreen.storyboard; sourceTree = "<group>"; };
		67233F892A2DB002005FDF36 /* Info.plist */ = {isa = PBXFileReference; lastKnownFileType = text.plist.xml; path = Info.plist; sourceTree = "<group>"; };
		67233F8E2A2DB002005FDF36 /* RewriteEntranceExamWithSVVSTests.xctest */ = {isa = PBXFileReference; explicitFileType = wrapper.cfbundle; includeInIndex = 0; path = RewriteEntranceExamWithSVVSTests.xctest; sourceTree = BUILT_PRODUCTS_DIR; };
		67233F982A2DB002005FDF36 /* RewriteEntranceExamWithSVVSUITests.xctest */ = {isa = PBXFileReference; explicitFileType = wrapper.cfbundle; includeInIndex = 0; path = RewriteEntranceExamWithSVVSUITests.xctest; sourceTree = BUILT_PRODUCTS_DIR; };
		67233F9C2A2DB002005FDF36 /* RewriteEntranceExamWithSVVSUITests.swift */ = {isa = PBXFileReference; lastKnownFileType = sourcecode.swift; path = RewriteEntranceExamWithSVVSUITests.swift; sourceTree = "<group>"; };
		67233F9E2A2DB002005FDF36 /* RewriteEntranceExamWithSVVSUITestsLaunchTests.swift */ = {isa = PBXFileReference; lastKnownFileType = sourcecode.swift; path = RewriteEntranceExamWithSVVSUITestsLaunchTests.swift; sourceTree = "<group>"; };
		6723F1FA2A37DEFA0094FEB8 /* RoomMessageRepository.swift */ = {isa = PBXFileReference; lastKnownFileType = sourcecode.swift; path = RoomMessageRepository.swift; sourceTree = "<group>"; };
		6723F1FE2A37F0EF0094FEB8 /* MainView.swift */ = {isa = PBXFileReference; lastKnownFileType = sourcecode.swift; path = MainView.swift; sourceTree = "<group>"; };
		6723F2012A37F3F10094FEB8 /* AccountView.swift */ = {isa = PBXFileReference; lastKnownFileType = sourcecode.swift; path = AccountView.swift; sourceTree = "<group>"; };
		6723F2042A37F8460094FEB8 /* AccountViewState.swift */ = {isa = PBXFileReference; lastKnownFileType = sourcecode.swift; path = AccountViewState.swift; sourceTree = "<group>"; };
		673906E52A2F1A7D00F6E527 /* Me.swift */ = {isa = PBXFileReference; lastKnownFileType = sourcecode.swift; path = Me.swift; sourceTree = "<group>"; };
		673B2F7E2A3696D700B934A6 /* APIKey.plist */ = {isa = PBXFileReference; lastKnownFileType = text.plist.xml; path = APIKey.plist; sourceTree = "<group>"; };
		673B2F802A36971400B934A6 /* KeyManager.swift */ = {isa = PBXFileReference; lastKnownFileType = sourcecode.swift; path = KeyManager.swift; sourceTree = "<group>"; };
		673B2F822A369B4A00B934A6 /* RoomListRepositoryMock.swift */ = {isa = PBXFileReference; lastKnownFileType = sourcecode.swift; path = RoomListRepositoryMock.swift; sourceTree = "<group>"; };
		673B2F842A369B5500B934A6 /* RoomListRepositoryProtocol.swift */ = {isa = PBXFileReference; lastKnownFileType = sourcecode.swift; path = RoomListRepositoryProtocol.swift; sourceTree = "<group>"; };
		673B2F872A369EF700B934A6 /* RoomListStoreTests.swift */ = {isa = PBXFileReference; lastKnownFileType = sourcecode.swift; path = RoomListStoreTests.swift; sourceTree = "<group>"; };
		673B2F892A36A04000B934A6 /* RoomListStore.swift */ = {isa = PBXFileReference; lastKnownFileType = sourcecode.swift; path = RoomListStore.swift; sourceTree = "<group>"; };
		673B2F902A36A42600B934A6 /* RoomListViewState.swift */ = {isa = PBXFileReference; lastKnownFileType = sourcecode.swift; path = RoomListViewState.swift; sourceTree = "<group>"; };
		673B2F922A36B29600B934A6 /* RoomListCell.swift */ = {isa = PBXFileReference; lastKnownFileType = sourcecode.swift; path = RoomListCell.swift; sourceTree = "<group>"; };
		673B2F942A36BD4700B934A6 /* RoomListViewStateTests.swift */ = {isa = PBXFileReference; lastKnownFileType = sourcecode.swift; path = RoomListViewStateTests.swift; sourceTree = "<group>"; };
		673B2F982A36E0C600B934A6 /* RoomView.swift */ = {isa = PBXFileReference; lastKnownFileType = sourcecode.swift; path = RoomView.swift; sourceTree = "<group>"; };
		673B2F9B2A36E22000B934A6 /* RoomViewState.swift */ = {isa = PBXFileReference; lastKnownFileType = sourcecode.swift; path = RoomViewState.swift; sourceTree = "<group>"; };
		673B2F9D2A36EF0B00B934A6 /* RoomMessageRepositoryTests.swift */ = {isa = PBXFileReference; lastKnownFileType = sourcecode.swift; path = RoomMessageRepositoryTests.swift; sourceTree = "<group>"; };
		677CFDBA2A32A05A004B7195 /* ChatworkAPITokenRepositoryTests.swift */ = {isa = PBXFileReference; lastKnownFileType = sourcecode.swift; path = ChatworkAPITokenRepositoryTests.swift; sourceTree = "<group>"; };
		677CFDBD2A32A646004B7195 /* ChatworkAPITokenStoreTests.swift */ = {isa = PBXFileReference; lastKnownFileType = sourcecode.swift; path = ChatworkAPITokenStoreTests.swift; sourceTree = "<group>"; };
		677CFDBF2A32AAFD004B7195 /* ChatworkAPITokenStore.swift */ = {isa = PBXFileReference; lastKnownFileType = sourcecode.swift; path = ChatworkAPITokenStore.swift; sourceTree = "<group>"; };
		6793FEF32A2FFBB1005EDD9D /* MeRepositoryTests.swift */ = {isa = PBXFileReference; lastKnownFileType = sourcecode.swift; path = MeRepositoryTests.swift; sourceTree = "<group>"; };
		6793FEF72A2FFEF2005EDD9D /* MeRepository.swift */ = {isa = PBXFileReference; lastKnownFileType = sourcecode.swift; path = MeRepository.swift; sourceTree = "<group>"; };
		6793FEFB2A30183F005EDD9D /* HTTPMethod.swift */ = {isa = PBXFileReference; lastKnownFileType = sourcecode.swift; path = HTTPMethod.swift; sourceTree = "<group>"; };
		6793FEFE2A3018A5005EDD9D /* ChatworkAPIEndpoint.swift */ = {isa = PBXFileReference; lastKnownFileType = sourcecode.swift; path = ChatworkAPIEndpoint.swift; sourceTree = "<group>"; };
		6793FF012A304F57005EDD9D /* APIError.swift */ = {isa = PBXFileReference; lastKnownFileType = sourcecode.swift; path = APIError.swift; sourceTree = "<group>"; };
		6799FD2C2A314ADB000FF866 /* MeRepositoryProtocol.swift */ = {isa = PBXFileReference; lastKnownFileType = sourcecode.swift; path = MeRepositoryProtocol.swift; sourceTree = "<group>"; };
		6799FD2E2A314B66000FF866 /* MeRepositoryMock.swift */ = {isa = PBXFileReference; lastKnownFileType = sourcecode.swift; path = MeRepositoryMock.swift; sourceTree = "<group>"; };
		6799FD312A314F74000FF866 /* MeStoreTests.swift */ = {isa = PBXFileReference; lastKnownFileType = sourcecode.swift; path = MeStoreTests.swift; sourceTree = "<group>"; };
		6799FD352A3154C6000FF866 /* MeStore.swift */ = {isa = PBXFileReference; lastKnownFileType = sourcecode.swift; path = MeStore.swift; sourceTree = "<group>"; };
		67D7BD4C2A32EF08002F684A /* RoomList.swift */ = {isa = PBXFileReference; lastKnownFileType = sourcecode.swift; path = RoomList.swift; sourceTree = "<group>"; };
		67D7BD4E2A32F28B002F684A /* RoomListRepositoryTests.swift */ = {isa = PBXFileReference; lastKnownFileType = sourcecode.swift; path = RoomListRepositoryTests.swift; sourceTree = "<group>"; };
		67D7BD522A3307C0002F684A /* RoomListRepository.swift */ = {isa = PBXFileReference; lastKnownFileType = sourcecode.swift; path = RoomListRepository.swift; sourceTree = "<group>"; };
		67F86E4B2A3161A800F16733 /* LoginView.swift */ = {isa = PBXFileReference; lastKnownFileType = sourcecode.swift; path = LoginView.swift; sourceTree = "<group>"; };
		67F86E4E2A31724700F16733 /* InputTokenField.swift */ = {isa = PBXFileReference; lastKnownFileType = sourcecode.swift; path = InputTokenField.swift; sourceTree = "<group>"; };
		67F86E512A3173F500F16733 /* LoginViewState.swift */ = {isa = PBXFileReference; lastKnownFileType = sourcecode.swift; path = LoginViewState.swift; sourceTree = "<group>"; };
		67F86E532A3175E100F16733 /* LoginButton.swift */ = {isa = PBXFileReference; lastKnownFileType = sourcecode.swift; path = LoginButton.swift; sourceTree = "<group>"; };
		67F86E572A317E2300F16733 /* LoginViewStateTests.swift */ = {isa = PBXFileReference; lastKnownFileType = sourcecode.swift; path = LoginViewStateTests.swift; sourceTree = "<group>"; };
		67F86E5D2A3182B500F16733 /* MainViewController.swift */ = {isa = PBXFileReference; lastKnownFileType = sourcecode.swift; path = MainViewController.swift; sourceTree = "<group>"; };
		67F86E5F2A31831F00F16733 /* RoomListView.swift */ = {isa = PBXFileReference; lastKnownFileType = sourcecode.swift; path = RoomListView.swift; sourceTree = "<group>"; };
		67F86E632A319BEF00F16733 /* ChatworkAPIToken.swift */ = {isa = PBXFileReference; lastKnownFileType = sourcecode.swift; path = ChatworkAPIToken.swift; sourceTree = "<group>"; };
		67F86E662A319E4B00F16733 /* ChatworkAPITokenTests.swift */ = {isa = PBXFileReference; lastKnownFileType = sourcecode.swift; path = ChatworkAPITokenTests.swift; sourceTree = "<group>"; };
		67F86E692A319EF300F16733 /* ValueObjectError.swift */ = {isa = PBXFileReference; lastKnownFileType = sourcecode.swift; path = ValueObjectError.swift; sourceTree = "<group>"; };
		67F86E6E2A31B4B300F16733 /* ChatworkAPITokenRepository.swift */ = {isa = PBXFileReference; lastKnownFileType = sourcecode.swift; path = ChatworkAPITokenRepository.swift; sourceTree = "<group>"; };
/* End PBXFileReference section */

/* Begin PBXFrameworksBuildPhase section */
		67233F752A2DAFFF005FDF36 /* Frameworks */ = {
			isa = PBXFrameworksBuildPhase;
			buildActionMask = 2147483647;
			files = (
			);
			runOnlyForDeploymentPostprocessing = 0;
		};
		67233F8B2A2DB002005FDF36 /* Frameworks */ = {
			isa = PBXFrameworksBuildPhase;
			buildActionMask = 2147483647;
			files = (
			);
			runOnlyForDeploymentPostprocessing = 0;
		};
		67233F952A2DB002005FDF36 /* Frameworks */ = {
			isa = PBXFrameworksBuildPhase;
			buildActionMask = 2147483647;
			files = (
			);
			runOnlyForDeploymentPostprocessing = 0;
		};
/* End PBXFrameworksBuildPhase section */

/* Begin PBXGroup section */
		67233F6F2A2DAFFF005FDF36 = {
			isa = PBXGroup;
			children = (
				67233F7A2A2DAFFF005FDF36 /* RewriteEntranceExamWithSVVS */,
				67233F912A2DB002005FDF36 /* RewriteEntranceExamWithSVVSTests */,
				67233F9B2A2DB002005FDF36 /* RewriteEntranceExamWithSVVSUITests */,
				67233F792A2DAFFF005FDF36 /* Products */,
			);
			sourceTree = "<group>";
		};
		67233F792A2DAFFF005FDF36 /* Products */ = {
			isa = PBXGroup;
			children = (
				67233F782A2DAFFF005FDF36 /* RewriteEntranceExamWithSVVS.app */,
				67233F8E2A2DB002005FDF36 /* RewriteEntranceExamWithSVVSTests.xctest */,
				67233F982A2DB002005FDF36 /* RewriteEntranceExamWithSVVSUITests.xctest */,
			);
			name = Products;
			sourceTree = "<group>";
		};
		67233F7A2A2DAFFF005FDF36 /* RewriteEntranceExamWithSVVS */ = {
			isa = PBXGroup;
			children = (
				67233F7B2A2DAFFF005FDF36 /* AppDelegate.swift */,
				67233F7D2A2DAFFF005FDF36 /* SceneDelegate.swift */,
				67233F812A2DAFFF005FDF36 /* Main.storyboard */,
				67233F842A2DB002005FDF36 /* Assets.xcassets */,
				67233F862A2DB002005FDF36 /* LaunchScreen.storyboard */,
				67F86E4A2A31619600F16733 /* View */,
				6799FD342A3154AC000FF866 /* Store */,
				6793FEF62A2FFEE1005EDD9D /* Repository */,
				67F86E622A319BC400F16733 /* ValueObject */,
				67233F892A2DB002005FDF36 /* Info.plist */,
				673B2F7E2A3696D700B934A6 /* APIKey.plist */,
			);
			path = RewriteEntranceExamWithSVVS;
			sourceTree = "<group>";
		};
		67233F912A2DB002005FDF36 /* RewriteEntranceExamWithSVVSTests */ = {
			isa = PBXGroup;
			children = (
				67F86E592A317E2700F16733 /* ViewState */,
				6799FD302A314F44000FF866 /* Store */,
				6793FEF22A2FFAD9005EDD9D /* Repository */,
				67F86E652A319E2E00F16733 /* ValueObject */,
				673B2F802A36971400B934A6 /* KeyManager.swift */,
			);
			path = RewriteEntranceExamWithSVVSTests;
			sourceTree = "<group>";
		};
		67233F9B2A2DB002005FDF36 /* RewriteEntranceExamWithSVVSUITests */ = {
			isa = PBXGroup;
			children = (
				67233F9C2A2DB002005FDF36 /* RewriteEntranceExamWithSVVSUITests.swift */,
				67233F9E2A2DB002005FDF36 /* RewriteEntranceExamWithSVVSUITestsLaunchTests.swift */,
			);
			path = RewriteEntranceExamWithSVVSUITests;
			sourceTree = "<group>";
		};
		6723F1F92A37DEDD0094FEB8 /* RoomMessageRepository */ = {
			isa = PBXGroup;
			children = (
				6723F1FA2A37DEFA0094FEB8 /* RoomMessageRepository.swift */,
			);
			path = RoomMessageRepository;
			sourceTree = "<group>";
		};
		6723F1FD2A37F0D30094FEB8 /* MainView */ = {
			isa = PBXGroup;
			children = (
				6723F1FE2A37F0EF0094FEB8 /* MainView.swift */,
				67F86E5D2A3182B500F16733 /* MainViewController.swift */,
				67F86E5C2A31828700F16733 /* RoomListView */,
				673B2F972A36E0A600B934A6 /* RoomView */,
				6723F2002A37F3DE0094FEB8 /* AccountView */,
			);
			path = MainView;
			sourceTree = "<group>";
		};
		6723F2002A37F3DE0094FEB8 /* AccountView */ = {
			isa = PBXGroup;
			children = (
				6723F2012A37F3F10094FEB8 /* AccountView.swift */,
				6723F2032A37F8370094FEB8 /* ViewState */,
			);
			path = AccountView;
			sourceTree = "<group>";
		};
		6723F2032A37F8370094FEB8 /* ViewState */ = {
			isa = PBXGroup;
			children = (
				6723F2042A37F8460094FEB8 /* AccountViewState.swift */,
			);
			path = ViewState;
			sourceTree = "<group>";
		};
		673906E42A2F1A4900F6E527 /* Model */ = {
			isa = PBXGroup;
			children = (
				673906E52A2F1A7D00F6E527 /* Me.swift */,
			);
			path = Model;
			sourceTree = "<group>";
		};
		673B2F8E2A36A40300B934A6 /* Component */ = {
			isa = PBXGroup;
			children = (
				673B2F922A36B29600B934A6 /* RoomListCell.swift */,
			);
			path = Component;
			sourceTree = "<group>";
		};
		673B2F8F2A36A40F00B934A6 /* ViewState */ = {
			isa = PBXGroup;
			children = (
				673B2F902A36A42600B934A6 /* RoomListViewState.swift */,
			);
			path = ViewState;
			sourceTree = "<group>";
		};
		673B2F972A36E0A600B934A6 /* RoomView */ = {
			isa = PBXGroup;
			children = (
				673B2F982A36E0C600B934A6 /* RoomView.swift */,
				673B2F9A2A36E20E00B934A6 /* ViewState */,
			);
			path = RoomView;
			sourceTree = "<group>";
		};
		673B2F9A2A36E20E00B934A6 /* ViewState */ = {
			isa = PBXGroup;
			children = (
				673B2F9B2A36E22000B934A6 /* RoomViewState.swift */,
			);
			path = ViewState;
			sourceTree = "<group>";
		};
		677CFDC12A32AB01004B7195 /* MeStore */ = {
			isa = PBXGroup;
			children = (
				6799FD352A3154C6000FF866 /* MeStore.swift */,
				673906E42A2F1A4900F6E527 /* Model */,
			);
			path = MeStore;
			sourceTree = "<group>";
		};
		677CFDC22A32AB12004B7195 /* ChatworkAPITokenStore */ = {
			isa = PBXGroup;
			children = (
				677CFDBF2A32AAFD004B7195 /* ChatworkAPITokenStore.swift */,
				677CFDC32A32AB29004B7195 /* Model */,
			);
			path = ChatworkAPITokenStore;
			sourceTree = "<group>";
		};
		677CFDC32A32AB29004B7195 /* Model */ = {
			isa = PBXGroup;
			children = (
				67F86E632A319BEF00F16733 /* ChatworkAPIToken.swift */,
			);
			path = Model;
			sourceTree = "<group>";
		};
		6793FEF22A2FFAD9005EDD9D /* Repository */ = {
			isa = PBXGroup;
			children = (
				6793FEF32A2FFBB1005EDD9D /* MeRepositoryTests.swift */,
				677CFDBA2A32A05A004B7195 /* ChatworkAPITokenRepositoryTests.swift */,
				67D7BD4E2A32F28B002F684A /* RoomListRepositoryTests.swift */,
				673B2F9D2A36EF0B00B934A6 /* RoomMessageRepositoryTests.swift */,
			);
			path = Repository;
			sourceTree = "<group>";
		};
		6793FEF62A2FFEE1005EDD9D /* Repository */ = {
			isa = PBXGroup;
			children = (
				6793FEFA2A301811005EDD9D /* Common */,
				6799FD2B2A314AC7000FF866 /* MeRepository */,
				67F86E6D2A31A5A600F16733 /* ChatworkAPITokenRepository */,
				67D7BD512A3307A6002F684A /* RoomListRepository */,
				6723F1F92A37DEDD0094FEB8 /* RoomMessageRepository */,
			);
			path = Repository;
			sourceTree = "<group>";
		};
		6793FEFA2A301811005EDD9D /* Common */ = {
			isa = PBXGroup;
			children = (
				6793FEFB2A30183F005EDD9D /* HTTPMethod.swift */,
				6793FEFE2A3018A5005EDD9D /* ChatworkAPIEndpoint.swift */,
				6793FF012A304F57005EDD9D /* APIError.swift */,
			);
			path = Common;
			sourceTree = "<group>";
		};
		6799FD2B2A314AC7000FF866 /* MeRepository */ = {
			isa = PBXGroup;
			children = (
				6793FEF72A2FFEF2005EDD9D /* MeRepository.swift */,
				6799FD2E2A314B66000FF866 /* MeRepositoryMock.swift */,
				6799FD2C2A314ADB000FF866 /* MeRepositoryProtocol.swift */,
			);
			path = MeRepository;
			sourceTree = "<group>";
		};
		6799FD302A314F44000FF866 /* Store */ = {
			isa = PBXGroup;
			children = (
				6799FD312A314F74000FF866 /* MeStoreTests.swift */,
				677CFDBD2A32A646004B7195 /* ChatworkAPITokenStoreTests.swift */,
				673B2F872A369EF700B934A6 /* RoomListStoreTests.swift */,
			);
			path = Store;
			sourceTree = "<group>";
		};
		6799FD342A3154AC000FF866 /* Store */ = {
			isa = PBXGroup;
			children = (
				677CFDC12A32AB01004B7195 /* MeStore */,
				677CFDC22A32AB12004B7195 /* ChatworkAPITokenStore */,
				67D7BD4A2A32EEB1002F684A /* RoomListStore */,
			);
			path = Store;
			sourceTree = "<group>";
		};
		67D7BD4A2A32EEB1002F684A /* RoomListStore */ = {
			isa = PBXGroup;
			children = (
				67D7BD4B2A32EEE0002F684A /* Model */,
				673B2F892A36A04000B934A6 /* RoomListStore.swift */,
			);
			path = RoomListStore;
			sourceTree = "<group>";
		};
		67D7BD4B2A32EEE0002F684A /* Model */ = {
			isa = PBXGroup;
			children = (
				67D7BD4C2A32EF08002F684A /* RoomList.swift */,
			);
			path = Model;
			sourceTree = "<group>";
		};
		67D7BD512A3307A6002F684A /* RoomListRepository */ = {
			isa = PBXGroup;
			children = (
				67D7BD522A3307C0002F684A /* RoomListRepository.swift */,
				673B2F822A369B4A00B934A6 /* RoomListRepositoryMock.swift */,
				673B2F842A369B5500B934A6 /* RoomListRepositoryProtocol.swift */,
			);
			path = RoomListRepository;
			sourceTree = "<group>";
		};
		67F86E4A2A31619600F16733 /* View */ = {
			isa = PBXGroup;
			children = (
				67F86E5B2A31827400F16733 /* LoginView */,
				6723F1FD2A37F0D30094FEB8 /* MainView */,
			);
			path = View;
			sourceTree = "<group>";
		};
		67F86E4D2A31723700F16733 /* Component */ = {
			isa = PBXGroup;
			children = (
				67F86E4E2A31724700F16733 /* InputTokenField.swift */,
				67F86E532A3175E100F16733 /* LoginButton.swift */,
			);
			path = Component;
			sourceTree = "<group>";
		};
		67F86E502A3173E000F16733 /* ViewState */ = {
			isa = PBXGroup;
			children = (
				67F86E512A3173F500F16733 /* LoginViewState.swift */,
			);
			path = ViewState;
			sourceTree = "<group>";
		};
		67F86E592A317E2700F16733 /* ViewState */ = {
			isa = PBXGroup;
			children = (
				67F86E572A317E2300F16733 /* LoginViewStateTests.swift */,
				673B2F942A36BD4700B934A6 /* RoomListViewStateTests.swift */,
			);
			path = ViewState;
			sourceTree = "<group>";
		};
		67F86E5B2A31827400F16733 /* LoginView */ = {
			isa = PBXGroup;
			children = (
				67233F7F2A2DAFFF005FDF36 /* LoginViewController.swift */,
				67F86E4B2A3161A800F16733 /* LoginView.swift */,
				67F86E4D2A31723700F16733 /* Component */,
				67F86E502A3173E000F16733 /* ViewState */,
			);
			path = LoginView;
			sourceTree = "<group>";
		};
		67F86E5C2A31828700F16733 /* RoomListView */ = {
			isa = PBXGroup;
			children = (
				67F86E5F2A31831F00F16733 /* RoomListView.swift */,
				673B2F8E2A36A40300B934A6 /* Component */,
				673B2F8F2A36A40F00B934A6 /* ViewState */,
			);
			path = RoomListView;
			sourceTree = "<group>";
		};
		67F86E622A319BC400F16733 /* ValueObject */ = {
			isa = PBXGroup;
			children = (
				67F86E682A319EE400F16733 /* Common */,
			);
			path = ValueObject;
			sourceTree = "<group>";
		};
		67F86E652A319E2E00F16733 /* ValueObject */ = {
			isa = PBXGroup;
			children = (
				67F86E662A319E4B00F16733 /* ChatworkAPITokenTests.swift */,
			);
			path = ValueObject;
			sourceTree = "<group>";
		};
		67F86E682A319EE400F16733 /* Common */ = {
			isa = PBXGroup;
			children = (
				67F86E692A319EF300F16733 /* ValueObjectError.swift */,
			);
			path = Common;
			sourceTree = "<group>";
		};
		67F86E6D2A31A5A600F16733 /* ChatworkAPITokenRepository */ = {
			isa = PBXGroup;
			children = (
				67F86E6E2A31B4B300F16733 /* ChatworkAPITokenRepository.swift */,
			);
			path = ChatworkAPITokenRepository;
			sourceTree = "<group>";
		};
/* End PBXGroup section */

/* Begin PBXNativeTarget section */
		67233F772A2DAFFF005FDF36 /* RewriteEntranceExamWithSVVS */ = {
			isa = PBXNativeTarget;
			buildConfigurationList = 67233FA22A2DB002005FDF36 /* Build configuration list for PBXNativeTarget "RewriteEntranceExamWithSVVS" */;
			buildPhases = (
				67233F742A2DAFFF005FDF36 /* Sources */,
				67233F752A2DAFFF005FDF36 /* Frameworks */,
				67233F762A2DAFFF005FDF36 /* Resources */,
				673906E32A2F144A00F6E527 /* Run SwiftLint */,
			);
			buildRules = (
			);
			dependencies = (
			);
			name = RewriteEntranceExamWithSVVS;
			productName = RewriteEntranceExamWithSVVS;
			productReference = 67233F782A2DAFFF005FDF36 /* RewriteEntranceExamWithSVVS.app */;
			productType = "com.apple.product-type.application";
		};
		67233F8D2A2DB002005FDF36 /* RewriteEntranceExamWithSVVSTests */ = {
			isa = PBXNativeTarget;
			buildConfigurationList = 67233FA52A2DB002005FDF36 /* Build configuration list for PBXNativeTarget "RewriteEntranceExamWithSVVSTests" */;
			buildPhases = (
				67233F8A2A2DB002005FDF36 /* Sources */,
				67233F8B2A2DB002005FDF36 /* Frameworks */,
				67233F8C2A2DB002005FDF36 /* Resources */,
			);
			buildRules = (
			);
			dependencies = (
				67233F902A2DB002005FDF36 /* PBXTargetDependency */,
			);
			name = RewriteEntranceExamWithSVVSTests;
			productName = RewriteEntranceExamWithSVVSTests;
			productReference = 67233F8E2A2DB002005FDF36 /* RewriteEntranceExamWithSVVSTests.xctest */;
			productType = "com.apple.product-type.bundle.unit-test";
		};
		67233F972A2DB002005FDF36 /* RewriteEntranceExamWithSVVSUITests */ = {
			isa = PBXNativeTarget;
			buildConfigurationList = 67233FA82A2DB002005FDF36 /* Build configuration list for PBXNativeTarget "RewriteEntranceExamWithSVVSUITests" */;
			buildPhases = (
				67233F942A2DB002005FDF36 /* Sources */,
				67233F952A2DB002005FDF36 /* Frameworks */,
				67233F962A2DB002005FDF36 /* Resources */,
			);
			buildRules = (
			);
			dependencies = (
				67233F9A2A2DB002005FDF36 /* PBXTargetDependency */,
			);
			name = RewriteEntranceExamWithSVVSUITests;
			productName = RewriteEntranceExamWithSVVSUITests;
			productReference = 67233F982A2DB002005FDF36 /* RewriteEntranceExamWithSVVSUITests.xctest */;
			productType = "com.apple.product-type.bundle.ui-testing";
		};
/* End PBXNativeTarget section */

/* Begin PBXProject section */
		67233F702A2DAFFF005FDF36 /* Project object */ = {
			isa = PBXProject;
			attributes = {
				BuildIndependentTargetsInParallel = 1;
				LastSwiftUpdateCheck = 1430;
				LastUpgradeCheck = 1430;
				TargetAttributes = {
					67233F772A2DAFFF005FDF36 = {
						CreatedOnToolsVersion = 14.3;
					};
					67233F8D2A2DB002005FDF36 = {
						CreatedOnToolsVersion = 14.3;
						TestTargetID = 67233F772A2DAFFF005FDF36;
					};
					67233F972A2DB002005FDF36 = {
						CreatedOnToolsVersion = 14.3;
						TestTargetID = 67233F772A2DAFFF005FDF36;
					};
				};
			};
			buildConfigurationList = 67233F732A2DAFFF005FDF36 /* Build configuration list for PBXProject "RewriteEntranceExamWithSVVS" */;
			compatibilityVersion = "Xcode 14.0";
			developmentRegion = en;
			hasScannedForEncodings = 0;
			knownRegions = (
				en,
				Base,
			);
			mainGroup = 67233F6F2A2DAFFF005FDF36;
			productRefGroup = 67233F792A2DAFFF005FDF36 /* Products */;
			projectDirPath = "";
			projectRoot = "";
			targets = (
				67233F772A2DAFFF005FDF36 /* RewriteEntranceExamWithSVVS */,
				67233F8D2A2DB002005FDF36 /* RewriteEntranceExamWithSVVSTests */,
				67233F972A2DB002005FDF36 /* RewriteEntranceExamWithSVVSUITests */,
			);
		};
/* End PBXProject section */

/* Begin PBXResourcesBuildPhase section */
		67233F762A2DAFFF005FDF36 /* Resources */ = {
			isa = PBXResourcesBuildPhase;
			buildActionMask = 2147483647;
			files = (
				67233F882A2DB002005FDF36 /* LaunchScreen.storyboard in Resources */,
				673B2F7F2A3696D700B934A6 /* APIKey.plist in Resources */,
				67233F852A2DB002005FDF36 /* Assets.xcassets in Resources */,
				67233F832A2DAFFF005FDF36 /* Main.storyboard in Resources */,
			);
			runOnlyForDeploymentPostprocessing = 0;
		};
		67233F8C2A2DB002005FDF36 /* Resources */ = {
			isa = PBXResourcesBuildPhase;
			buildActionMask = 2147483647;
			files = (
			);
			runOnlyForDeploymentPostprocessing = 0;
		};
		67233F962A2DB002005FDF36 /* Resources */ = {
			isa = PBXResourcesBuildPhase;
			buildActionMask = 2147483647;
			files = (
			);
			runOnlyForDeploymentPostprocessing = 0;
		};
/* End PBXResourcesBuildPhase section */

/* Begin PBXShellScriptBuildPhase section */
		673906E32A2F144A00F6E527 /* Run SwiftLint */ = {
			isa = PBXShellScriptBuildPhase;
			buildActionMask = 2147483647;
			files = (
			);
			inputFileListPaths = (
			);
			inputPaths = (
			);
			name = "Run SwiftLint";
			outputFileListPaths = (
			);
			outputPaths = (
			);
			runOnlyForDeploymentPostprocessing = 0;
			shellPath = /bin/sh;
			shellScript = "if which swiftlint >/dev/null; then\n  swiftlint autocorrect --format\n  swiftlint\nelse\n  echo \"SwiftLint does not exist, download from https://github.com/realm/SwiftLint\"\nfi\n";
		};
/* End PBXShellScriptBuildPhase section */

/* Begin PBXSourcesBuildPhase section */
		67233F742A2DAFFF005FDF36 /* Sources */ = {
			isa = PBXSourcesBuildPhase;
			buildActionMask = 2147483647;
			files = (
				673B2F852A369B5500B934A6 /* RoomListRepositoryProtocol.swift in Sources */,
				67D7BD4D2A32EF08002F684A /* RoomList.swift in Sources */,
				673B2F992A36E0C600B934A6 /* RoomView.swift in Sources */,
				67F86E6A2A319EF300F16733 /* ValueObjectError.swift in Sources */,
				67233F802A2DAFFF005FDF36 /* LoginViewController.swift in Sources */,
				673906E62A2F1A7D00F6E527 /* Me.swift in Sources */,
				6793FEF82A2FFEF2005EDD9D /* MeRepository.swift in Sources */,
				67D7BD532A3307C0002F684A /* RoomListRepository.swift in Sources */,
				6799FD2F2A314B66000FF866 /* MeRepositoryMock.swift in Sources */,
				6723F1FF2A37F0EF0094FEB8 /* MainView.swift in Sources */,
				6793FEFC2A30183F005EDD9D /* HTTPMethod.swift in Sources */,
				6793FEFF2A3018A5005EDD9D /* ChatworkAPIEndpoint.swift in Sources */,
				673B2F912A36A42600B934A6 /* RoomListViewState.swift in Sources */,
				67F86E4C2A3161A800F16733 /* LoginView.swift in Sources */,
				67F86E4F2A31724700F16733 /* InputTokenField.swift in Sources */,
				67F86E522A3173F500F16733 /* LoginViewState.swift in Sources */,
				67F86E602A31831F00F16733 /* RoomListView.swift in Sources */,
				673B2F8A2A36A04000B934A6 /* RoomListStore.swift in Sources */,
				6793FF022A304F57005EDD9D /* APIError.swift in Sources */,
				67F86E542A3175E100F16733 /* LoginButton.swift in Sources */,
				67233F7C2A2DAFFF005FDF36 /* AppDelegate.swift in Sources */,
				6723F2022A37F3F10094FEB8 /* AccountView.swift in Sources */,
				6723F2052A37F8460094FEB8 /* AccountViewState.swift in Sources */,
				677CFDC02A32AAFD004B7195 /* ChatworkAPITokenStore.swift in Sources */,
				6723F1FB2A37DEFA0094FEB8 /* RoomMessageRepository.swift in Sources */,
				673B2F9C2A36E22000B934A6 /* RoomViewState.swift in Sources */,
				6799FD362A3154C6000FF866 /* MeStore.swift in Sources */,
				673B2F832A369B4A00B934A6 /* RoomListRepositoryMock.swift in Sources */,
				673B2F932A36B29600B934A6 /* RoomListCell.swift in Sources */,
				67233F7E2A2DAFFF005FDF36 /* SceneDelegate.swift in Sources */,
				6799FD2D2A314ADB000FF866 /* MeRepositoryProtocol.swift in Sources */,
				67F86E5E2A3182B500F16733 /* MainViewController.swift in Sources */,
				67F86E6F2A31B4B300F16733 /* ChatworkAPITokenRepository.swift in Sources */,
				67F86E642A319BEF00F16733 /* ChatworkAPIToken.swift in Sources */,
			);
			runOnlyForDeploymentPostprocessing = 0;
		};
		67233F8A2A2DB002005FDF36 /* Sources */ = {
			isa = PBXSourcesBuildPhase;
			buildActionMask = 2147483647;
			files = (
				67D7BD4F2A32F28B002F684A /* RoomListRepositoryTests.swift in Sources */,
				673B2F882A369EF700B934A6 /* RoomListStoreTests.swift in Sources */,
				67F86E582A317E2300F16733 /* LoginViewStateTests.swift in Sources */,
				677CFDBB2A32A05A004B7195 /* ChatworkAPITokenRepositoryTests.swift in Sources */,
				67F86E672A319E4B00F16733 /* ChatworkAPITokenTests.swift in Sources */,
				673B2F862A369BFA00B934A6 /* RoomListRepositoryProtocol.swift in Sources */,
				67F86E5A2A317F4000F16733 /* LoginViewState.swift in Sources */,
				6799FD332A315139000FF866 /* MeRepositoryMock.swift in Sources */,
				67D7BD542A330B1A002F684A /* RoomListRepository.swift in Sources */,
				673B2F8C2A36A16400B934A6 /* RoomListRepositoryMock.swift in Sources */,
				673B2F812A36971400B934A6 /* KeyManager.swift in Sources */,
				6793FEF42A2FFBB1005EDD9D /* MeRepositoryTests.swift in Sources */,
				677CFDC42A32ABB9004B7195 /* ChatworkAPITokenStore.swift in Sources */,
				677CFDBC2A32A0EA004B7195 /* ChatworkAPITokenRepository.swift in Sources */,
				67D7BD502A32F514002F684A /* RoomList.swift in Sources */,
				673B2F8B2A36A06400B934A6 /* RoomListStore.swift in Sources */,
				6793FEFD2A301864005EDD9D /* HTTPMethod.swift in Sources */,
				6793FF002A3048AA005EDD9D /* ChatworkAPIEndpoint.swift in Sources */,
				6799FD372A31552F000FF866 /* MeStore.swift in Sources */,
				673B2F952A36BD4700B934A6 /* RoomListViewStateTests.swift in Sources */,
				673B2F9E2A36EF0B00B934A6 /* RoomMessageRepositoryTests.swift in Sources */,
				6723F1FC2A37DF5D0094FEB8 /* RoomMessageRepository.swift in Sources */,
				6793FEF52A2FFCFE005EDD9D /* Me.swift in Sources */,
				6793FEF92A2FFEF4005EDD9D /* MeRepository.swift in Sources */,
				6793FF032A304FD1005EDD9D /* APIError.swift in Sources */,
				6799FD382A31594F000FF866 /* MeRepositoryProtocol.swift in Sources */,
				67F86E6B2A319F7500F16733 /* ValueObjectError.swift in Sources */,
				6799FD322A314F74000FF866 /* MeStoreTests.swift in Sources */,
				677CFDBE2A32A646004B7195 /* ChatworkAPITokenStoreTests.swift in Sources */,
				673B2F962A36BDAB00B934A6 /* RoomListViewState.swift in Sources */,
				67F86E6C2A319F7800F16733 /* ChatworkAPIToken.swift in Sources */,
			);
			runOnlyForDeploymentPostprocessing = 0;
		};
		67233F942A2DB002005FDF36 /* Sources */ = {
			isa = PBXSourcesBuildPhase;
			buildActionMask = 2147483647;
			files = (
				67233F9F2A2DB002005FDF36 /* RewriteEntranceExamWithSVVSUITestsLaunchTests.swift in Sources */,
				67233F9D2A2DB002005FDF36 /* RewriteEntranceExamWithSVVSUITests.swift in Sources */,
			);
			runOnlyForDeploymentPostprocessing = 0;
		};
/* End PBXSourcesBuildPhase section */

/* Begin PBXTargetDependency section */
		67233F902A2DB002005FDF36 /* PBXTargetDependency */ = {
			isa = PBXTargetDependency;
			target = 67233F772A2DAFFF005FDF36 /* RewriteEntranceExamWithSVVS */;
			targetProxy = 67233F8F2A2DB002005FDF36 /* PBXContainerItemProxy */;
		};
		67233F9A2A2DB002005FDF36 /* PBXTargetDependency */ = {
			isa = PBXTargetDependency;
			target = 67233F772A2DAFFF005FDF36 /* RewriteEntranceExamWithSVVS */;
			targetProxy = 67233F992A2DB002005FDF36 /* PBXContainerItemProxy */;
		};
/* End PBXTargetDependency section */

/* Begin PBXVariantGroup section */
		67233F812A2DAFFF005FDF36 /* Main.storyboard */ = {
			isa = PBXVariantGroup;
			children = (
				67233F822A2DAFFF005FDF36 /* Base */,
			);
			name = Main.storyboard;
			sourceTree = "<group>";
		};
		67233F862A2DB002005FDF36 /* LaunchScreen.storyboard */ = {
			isa = PBXVariantGroup;
			children = (
				67233F872A2DB002005FDF36 /* Base */,
			);
			name = LaunchScreen.storyboard;
			sourceTree = "<group>";
		};
/* End PBXVariantGroup section */

/* Begin XCBuildConfiguration section */
		67233FA02A2DB002005FDF36 /* Debug */ = {
			isa = XCBuildConfiguration;
			buildSettings = {
				ALWAYS_SEARCH_USER_PATHS = NO;
				CLANG_ANALYZER_NONNULL = YES;
				CLANG_ANALYZER_NUMBER_OBJECT_CONVERSION = YES_AGGRESSIVE;
				CLANG_CXX_LANGUAGE_STANDARD = "gnu++20";
				CLANG_ENABLE_MODULES = YES;
				CLANG_ENABLE_OBJC_ARC = YES;
				CLANG_ENABLE_OBJC_WEAK = YES;
				CLANG_WARN_BLOCK_CAPTURE_AUTORELEASING = YES;
				CLANG_WARN_BOOL_CONVERSION = YES;
				CLANG_WARN_COMMA = YES;
				CLANG_WARN_CONSTANT_CONVERSION = YES;
				CLANG_WARN_DEPRECATED_OBJC_IMPLEMENTATIONS = YES;
				CLANG_WARN_DIRECT_OBJC_ISA_USAGE = YES_ERROR;
				CLANG_WARN_DOCUMENTATION_COMMENTS = YES;
				CLANG_WARN_EMPTY_BODY = YES;
				CLANG_WARN_ENUM_CONVERSION = YES;
				CLANG_WARN_INFINITE_RECURSION = YES;
				CLANG_WARN_INT_CONVERSION = YES;
				CLANG_WARN_NON_LITERAL_NULL_CONVERSION = YES;
				CLANG_WARN_OBJC_IMPLICIT_RETAIN_SELF = YES;
				CLANG_WARN_OBJC_LITERAL_CONVERSION = YES;
				CLANG_WARN_OBJC_ROOT_CLASS = YES_ERROR;
				CLANG_WARN_QUOTED_INCLUDE_IN_FRAMEWORK_HEADER = YES;
				CLANG_WARN_RANGE_LOOP_ANALYSIS = YES;
				CLANG_WARN_STRICT_PROTOTYPES = YES;
				CLANG_WARN_SUSPICIOUS_MOVE = YES;
				CLANG_WARN_UNGUARDED_AVAILABILITY = YES_AGGRESSIVE;
				CLANG_WARN_UNREACHABLE_CODE = YES;
				CLANG_WARN__DUPLICATE_METHOD_MATCH = YES;
				COPY_PHASE_STRIP = NO;
				DEBUG_INFORMATION_FORMAT = dwarf;
				ENABLE_STRICT_OBJC_MSGSEND = YES;
				ENABLE_TESTABILITY = YES;
				GCC_C_LANGUAGE_STANDARD = gnu11;
				GCC_DYNAMIC_NO_PIC = NO;
				GCC_NO_COMMON_BLOCKS = YES;
				GCC_OPTIMIZATION_LEVEL = 0;
				GCC_PREPROCESSOR_DEFINITIONS = (
					"DEBUG=1",
					"$(inherited)",
				);
				GCC_WARN_64_TO_32_BIT_CONVERSION = YES;
				GCC_WARN_ABOUT_RETURN_TYPE = YES_ERROR;
				GCC_WARN_UNDECLARED_SELECTOR = YES;
				GCC_WARN_UNINITIALIZED_AUTOS = YES_AGGRESSIVE;
				GCC_WARN_UNUSED_FUNCTION = YES;
				GCC_WARN_UNUSED_VARIABLE = YES;
				IPHONEOS_DEPLOYMENT_TARGET = 16.4;
				MTL_ENABLE_DEBUG_INFO = INCLUDE_SOURCE;
				MTL_FAST_MATH = YES;
				ONLY_ACTIVE_ARCH = YES;
				SDKROOT = iphoneos;
				SWIFT_ACTIVE_COMPILATION_CONDITIONS = DEBUG;
				SWIFT_OPTIMIZATION_LEVEL = "-Onone";
			};
			name = Debug;
		};
		67233FA12A2DB002005FDF36 /* Release */ = {
			isa = XCBuildConfiguration;
			buildSettings = {
				ALWAYS_SEARCH_USER_PATHS = NO;
				CLANG_ANALYZER_NONNULL = YES;
				CLANG_ANALYZER_NUMBER_OBJECT_CONVERSION = YES_AGGRESSIVE;
				CLANG_CXX_LANGUAGE_STANDARD = "gnu++20";
				CLANG_ENABLE_MODULES = YES;
				CLANG_ENABLE_OBJC_ARC = YES;
				CLANG_ENABLE_OBJC_WEAK = YES;
				CLANG_WARN_BLOCK_CAPTURE_AUTORELEASING = YES;
				CLANG_WARN_BOOL_CONVERSION = YES;
				CLANG_WARN_COMMA = YES;
				CLANG_WARN_CONSTANT_CONVERSION = YES;
				CLANG_WARN_DEPRECATED_OBJC_IMPLEMENTATIONS = YES;
				CLANG_WARN_DIRECT_OBJC_ISA_USAGE = YES_ERROR;
				CLANG_WARN_DOCUMENTATION_COMMENTS = YES;
				CLANG_WARN_EMPTY_BODY = YES;
				CLANG_WARN_ENUM_CONVERSION = YES;
				CLANG_WARN_INFINITE_RECURSION = YES;
				CLANG_WARN_INT_CONVERSION = YES;
				CLANG_WARN_NON_LITERAL_NULL_CONVERSION = YES;
				CLANG_WARN_OBJC_IMPLICIT_RETAIN_SELF = YES;
				CLANG_WARN_OBJC_LITERAL_CONVERSION = YES;
				CLANG_WARN_OBJC_ROOT_CLASS = YES_ERROR;
				CLANG_WARN_QUOTED_INCLUDE_IN_FRAMEWORK_HEADER = YES;
				CLANG_WARN_RANGE_LOOP_ANALYSIS = YES;
				CLANG_WARN_STRICT_PROTOTYPES = YES;
				CLANG_WARN_SUSPICIOUS_MOVE = YES;
				CLANG_WARN_UNGUARDED_AVAILABILITY = YES_AGGRESSIVE;
				CLANG_WARN_UNREACHABLE_CODE = YES;
				CLANG_WARN__DUPLICATE_METHOD_MATCH = YES;
				COPY_PHASE_STRIP = NO;
				DEBUG_INFORMATION_FORMAT = "dwarf-with-dsym";
				ENABLE_NS_ASSERTIONS = NO;
				ENABLE_STRICT_OBJC_MSGSEND = YES;
				GCC_C_LANGUAGE_STANDARD = gnu11;
				GCC_NO_COMMON_BLOCKS = YES;
				GCC_WARN_64_TO_32_BIT_CONVERSION = YES;
				GCC_WARN_ABOUT_RETURN_TYPE = YES_ERROR;
				GCC_WARN_UNDECLARED_SELECTOR = YES;
				GCC_WARN_UNINITIALIZED_AUTOS = YES_AGGRESSIVE;
				GCC_WARN_UNUSED_FUNCTION = YES;
				GCC_WARN_UNUSED_VARIABLE = YES;
				IPHONEOS_DEPLOYMENT_TARGET = 16.4;
				MTL_ENABLE_DEBUG_INFO = NO;
				MTL_FAST_MATH = YES;
				SDKROOT = iphoneos;
				SWIFT_COMPILATION_MODE = wholemodule;
				SWIFT_OPTIMIZATION_LEVEL = "-O";
				VALIDATE_PRODUCT = YES;
			};
			name = Release;
		};
		67233FA32A2DB002005FDF36 /* Debug */ = {
			isa = XCBuildConfiguration;
			buildSettings = {
				ASSETCATALOG_COMPILER_APPICON_NAME = AppIcon;
				ASSETCATALOG_COMPILER_GLOBAL_ACCENT_COLOR_NAME = AccentColor;
				CODE_SIGN_STYLE = Automatic;
				CURRENT_PROJECT_VERSION = 1;
				DEVELOPMENT_TEAM = R3T4APN95R;
				GENERATE_INFOPLIST_FILE = YES;
				INFOPLIST_FILE = RewriteEntranceExamWithSVVS/Info.plist;
				INFOPLIST_KEY_UIApplicationSupportsIndirectInputEvents = YES;
				INFOPLIST_KEY_UILaunchStoryboardName = LaunchScreen;
				INFOPLIST_KEY_UIMainStoryboardFile = Main;
				INFOPLIST_KEY_UISupportedInterfaceOrientations_iPad = "UIInterfaceOrientationPortrait UIInterfaceOrientationPortraitUpsideDown UIInterfaceOrientationLandscapeLeft UIInterfaceOrientationLandscapeRight";
				INFOPLIST_KEY_UISupportedInterfaceOrientations_iPhone = "UIInterfaceOrientationPortrait UIInterfaceOrientationLandscapeLeft UIInterfaceOrientationLandscapeRight";
				LD_RUNPATH_SEARCH_PATHS = (
					"$(inherited)",
					"@executable_path/Frameworks",
				);
				MARKETING_VERSION = 1.0;
				PRODUCT_BUNDLE_IDENTIFIER = ryu.nakayama.RewriteEntranceExamWithSVVS;
				PRODUCT_NAME = "$(TARGET_NAME)";
				SWIFT_EMIT_LOC_STRINGS = YES;
				SWIFT_VERSION = 5.0;
				TARGETED_DEVICE_FAMILY = "1,2";
			};
			name = Debug;
		};
		67233FA42A2DB002005FDF36 /* Release */ = {
			isa = XCBuildConfiguration;
			buildSettings = {
				ASSETCATALOG_COMPILER_APPICON_NAME = AppIcon;
				ASSETCATALOG_COMPILER_GLOBAL_ACCENT_COLOR_NAME = AccentColor;
				CODE_SIGN_STYLE = Automatic;
				CURRENT_PROJECT_VERSION = 1;
				DEVELOPMENT_TEAM = R3T4APN95R;
				GENERATE_INFOPLIST_FILE = YES;
				INFOPLIST_FILE = RewriteEntranceExamWithSVVS/Info.plist;
				INFOPLIST_KEY_UIApplicationSupportsIndirectInputEvents = YES;
				INFOPLIST_KEY_UILaunchStoryboardName = LaunchScreen;
				INFOPLIST_KEY_UIMainStoryboardFile = Main;
				INFOPLIST_KEY_UISupportedInterfaceOrientations_iPad = "UIInterfaceOrientationPortrait UIInterfaceOrientationPortraitUpsideDown UIInterfaceOrientationLandscapeLeft UIInterfaceOrientationLandscapeRight";
				INFOPLIST_KEY_UISupportedInterfaceOrientations_iPhone = "UIInterfaceOrientationPortrait UIInterfaceOrientationLandscapeLeft UIInterfaceOrientationLandscapeRight";
				LD_RUNPATH_SEARCH_PATHS = (
					"$(inherited)",
					"@executable_path/Frameworks",
				);
				MARKETING_VERSION = 1.0;
				PRODUCT_BUNDLE_IDENTIFIER = ryu.nakayama.RewriteEntranceExamWithSVVS;
				PRODUCT_NAME = "$(TARGET_NAME)";
				SWIFT_EMIT_LOC_STRINGS = YES;
				SWIFT_VERSION = 5.0;
				TARGETED_DEVICE_FAMILY = "1,2";
			};
			name = Release;
		};
		67233FA62A2DB002005FDF36 /* Debug */ = {
			isa = XCBuildConfiguration;
			buildSettings = {
				ALWAYS_EMBED_SWIFT_STANDARD_LIBRARIES = YES;
				BUNDLE_LOADER = "$(TEST_HOST)";
				CODE_SIGN_STYLE = Automatic;
				CURRENT_PROJECT_VERSION = 1;
				DEVELOPMENT_TEAM = R3T4APN95R;
				GENERATE_INFOPLIST_FILE = YES;
				IPHONEOS_DEPLOYMENT_TARGET = 16.4;
				MARKETING_VERSION = 1.0;
				PRODUCT_BUNDLE_IDENTIFIER = ryu.nakayama.RewriteEntranceExamWithSVVSTests;
				PRODUCT_NAME = "$(TARGET_NAME)";
				SWIFT_EMIT_LOC_STRINGS = NO;
				SWIFT_VERSION = 5.0;
				TARGETED_DEVICE_FAMILY = "1,2";
				TEST_HOST = "$(BUILT_PRODUCTS_DIR)/RewriteEntranceExamWithSVVS.app/$(BUNDLE_EXECUTABLE_FOLDER_PATH)/RewriteEntranceExamWithSVVS";
			};
			name = Debug;
		};
		67233FA72A2DB002005FDF36 /* Release */ = {
			isa = XCBuildConfiguration;
			buildSettings = {
				ALWAYS_EMBED_SWIFT_STANDARD_LIBRARIES = YES;
				BUNDLE_LOADER = "$(TEST_HOST)";
				CODE_SIGN_STYLE = Automatic;
				CURRENT_PROJECT_VERSION = 1;
				DEVELOPMENT_TEAM = R3T4APN95R;
				GENERATE_INFOPLIST_FILE = YES;
				IPHONEOS_DEPLOYMENT_TARGET = 16.4;
				MARKETING_VERSION = 1.0;
				PRODUCT_BUNDLE_IDENTIFIER = ryu.nakayama.RewriteEntranceExamWithSVVSTests;
				PRODUCT_NAME = "$(TARGET_NAME)";
				SWIFT_EMIT_LOC_STRINGS = NO;
				SWIFT_VERSION = 5.0;
				TARGETED_DEVICE_FAMILY = "1,2";
				TEST_HOST = "$(BUILT_PRODUCTS_DIR)/RewriteEntranceExamWithSVVS.app/$(BUNDLE_EXECUTABLE_FOLDER_PATH)/RewriteEntranceExamWithSVVS";
			};
			name = Release;
		};
		67233FA92A2DB002005FDF36 /* Debug */ = {
			isa = XCBuildConfiguration;
			buildSettings = {
				ALWAYS_EMBED_SWIFT_STANDARD_LIBRARIES = YES;
				CODE_SIGN_STYLE = Automatic;
				CURRENT_PROJECT_VERSION = 1;
				DEVELOPMENT_TEAM = R3T4APN95R;
				GENERATE_INFOPLIST_FILE = YES;
				MARKETING_VERSION = 1.0;
				PRODUCT_BUNDLE_IDENTIFIER = ryu.nakayama.RewriteEntranceExamWithSVVSUITests;
				PRODUCT_NAME = "$(TARGET_NAME)";
				SWIFT_EMIT_LOC_STRINGS = NO;
				SWIFT_VERSION = 5.0;
				TARGETED_DEVICE_FAMILY = "1,2";
				TEST_TARGET_NAME = RewriteEntranceExamWithSVVS;
			};
			name = Debug;
		};
		67233FAA2A2DB002005FDF36 /* Release */ = {
			isa = XCBuildConfiguration;
			buildSettings = {
				ALWAYS_EMBED_SWIFT_STANDARD_LIBRARIES = YES;
				CODE_SIGN_STYLE = Automatic;
				CURRENT_PROJECT_VERSION = 1;
				DEVELOPMENT_TEAM = R3T4APN95R;
				GENERATE_INFOPLIST_FILE = YES;
				MARKETING_VERSION = 1.0;
				PRODUCT_BUNDLE_IDENTIFIER = ryu.nakayama.RewriteEntranceExamWithSVVSUITests;
				PRODUCT_NAME = "$(TARGET_NAME)";
				SWIFT_EMIT_LOC_STRINGS = NO;
				SWIFT_VERSION = 5.0;
				TARGETED_DEVICE_FAMILY = "1,2";
				TEST_TARGET_NAME = RewriteEntranceExamWithSVVS;
			};
			name = Release;
		};
/* End XCBuildConfiguration section */

/* Begin XCConfigurationList section */
		67233F732A2DAFFF005FDF36 /* Build configuration list for PBXProject "RewriteEntranceExamWithSVVS" */ = {
			isa = XCConfigurationList;
			buildConfigurations = (
				67233FA02A2DB002005FDF36 /* Debug */,
				67233FA12A2DB002005FDF36 /* Release */,
			);
			defaultConfigurationIsVisible = 0;
			defaultConfigurationName = Release;
		};
		67233FA22A2DB002005FDF36 /* Build configuration list for PBXNativeTarget "RewriteEntranceExamWithSVVS" */ = {
			isa = XCConfigurationList;
			buildConfigurations = (
				67233FA32A2DB002005FDF36 /* Debug */,
				67233FA42A2DB002005FDF36 /* Release */,
			);
			defaultConfigurationIsVisible = 0;
			defaultConfigurationName = Release;
		};
		67233FA52A2DB002005FDF36 /* Build configuration list for PBXNativeTarget "RewriteEntranceExamWithSVVSTests" */ = {
			isa = XCConfigurationList;
			buildConfigurations = (
				67233FA62A2DB002005FDF36 /* Debug */,
				67233FA72A2DB002005FDF36 /* Release */,
			);
			defaultConfigurationIsVisible = 0;
			defaultConfigurationName = Release;
		};
		67233FA82A2DB002005FDF36 /* Build configuration list for PBXNativeTarget "RewriteEntranceExamWithSVVSUITests" */ = {
			isa = XCConfigurationList;
			buildConfigurations = (
				67233FA92A2DB002005FDF36 /* Debug */,
				67233FAA2A2DB002005FDF36 /* Release */,
			);
			defaultConfigurationIsVisible = 0;
			defaultConfigurationName = Release;
		};
/* End XCConfigurationList section */
	};
	rootObject = 67233F702A2DAFFF005FDF36 /* Project object */;
}
